dependencies:
  espressif/esp_lvgl_port:
    component_hash: bfb2778c063b05a6c47c1a8de6d166ee4d911bc86fe0b3ff9e6bab06d2812033
    dependencies:
    - name: idf
      require: private
      version: '>=5.1'
    - name: lvgl/lvgl
      registry_url: https://components.espressif.com
      require: public
      version: '>=8,<10'
    source:
      registry_url: https://components.espressif.com/
      type: service
    version: 2.6.2
  idf:
    source:
      type: idf
    version: 5.5.0
  lvgl/lvgl:
    component_hash: 17e68bfd21f0edf4c3ee838e2273da840bf3930e5dbc3bfa6c1190c3aed41f9f
    dependencies: []
    source:
      registry_url: https://components.espressif.com/
      type: service
    version: 9.4.0
direct_dependencies:
- espressif/esp_lvgl_port
- idf
- lvgl/lvgl
manifest_hash: f218f8b73fe964fcaf6335b90e17a962c8a27f3d1ca8428b69f2ed905aaadbf2
target: esp32s3
version: 2.0.0
